// !$*UTF8*$!
{
	archiveVersion = 1;
	classes = {
	};
	objectVersion = 50;
	objects = {

/* Begin PBXBuildFile section */
		D319C35427C60C070088E7CB /* AppDelegate.swift in Sources */ = {isa = PBXBuildFile; fileRef = D319C35327C60C070088E7CB /* AppDelegate.swift */; };
		D319C35627C60C070088E7CB /* SceneDelegate.swift in Sources */ = {isa = PBXBuildFile; fileRef = D319C35527C60C070088E7CB /* SceneDelegate.swift */; };
		D319C35827C60C070088E7CB /* ViewController.swift in Sources */ = {isa = PBXBuildFile; fileRef = D319C35727C60C070088E7CB /* ViewController.swift */; };
		D319C35B27C60C070088E7CB /* Main.storyboard in Resources */ = {isa = PBXBuildFile; fileRef = D319C35927C60C070088E7CB /* Main.storyboard */; };
		D319C35D27C60C080088E7CB /* Assets.xcassets in Resources */ = {isa = PBXBuildFile; fileRef = D319C35C27C60C080088E7CB /* Assets.xcassets */; };
		D319C36027C60C080088E7CB /* LaunchScreen.storyboard in Resources */ = {isa = PBXBuildFile; fileRef = D319C35E27C60C080088E7CB /* LaunchScreen.storyboard */; };
		D319C36B27C60C080088E7CB /* projectTests.swift in Sources */ = {isa = PBXBuildFile; fileRef = D319C36A27C60C080088E7CB /* projectTests.swift */; };
		D319C37627C60C080088E7CB /* projectUITests.swift in Sources */ = {isa = PBXBuildFile; fileRef = D319C37527C60C080088E7CB /* projectUITests.swift */; };
/* End PBXBuildFile section */

/* Begin PBXContainerItemProxy section */
		D319C36727C60C080088E7CB /* PBXContainerItemProxy */ = {
			isa = PBXContainerItemProxy;
			containerPortal = D319C34827C60C070088E7CB /* Project object */;
			proxyType = 1;
			remoteGlobalIDString = D319C34F27C60C070088E7CB;
			remoteInfo = project;
		};
		D319C37227C60C080088E7CB /* PBXContainerItemProxy */ = {
			isa = PBXContainerItemProxy;
			containerPortal = D319C34827C60C070088E7CB /* Project object */;
			proxyType = 1;
			remoteGlobalIDString = D319C34F27C60C070088E7CB;
			remoteInfo = project;
		};
/* End PBXContainerItemProxy section */

/* Begin PBXFileReference section */
		D319C35027C60C070088E7CB /* project.app */ = {isa = PBXFileReference; explicitFileType = wrapper.application; includeInIndex = 0; path = project.app; sourceTree = BUILT_PRODUCTS_DIR; };
		D319C35327C60C070088E7CB /* AppDelegate.swift */ = {isa = PBXFileReference; lastKnownFileType = sourcecode.swift; path = AppDelegate.swift; sourceTree = "<group>"; };
		D319C35527C60C070088E7CB /* SceneDelegate.swift */ = {isa = PBXFileReference; lastKnownFileType = sourcecode.swift; path = SceneDelegate.swift; sourceTree = "<group>"; };
		D319C35727C60C070088E7CB /* ViewController.swift */ = {isa = PBXFileReference; lastKnownFileType = sourcecode.swift; path = ViewController.swift; sourceTree = "<group>"; };
		D319C35A27C60C070088E7CB /* Base */ = {isa = PBXFileReference; lastKnownFileType = file.storyboard; name = Base; path = Base.lproj/Main.storyboard; sourceTree = "<group>"; };
		D319C35C27C60C080088E7CB /* Assets.xcassets */ = {isa = PBXFileReference; lastKnownFileType = folder.assetcatalog; path = Assets.xcassets; sourceTree = "<group>"; };
		D319C35F27C60C080088E7CB /* Base */ = {isa = PBXFileReference; lastKnownFileType = file.storyboard; name = Base; path = Base.lproj/LaunchScreen.storyboard; sourceTree = "<group>"; };
		D319C36127C60C080088E7CB /* Info.plist */ = {isa = PBXFileReference; lastKnownFileType = text.plist.xml; path = Info.plist; sourceTree = "<group>"; };
		D319C36627C60C080088E7CB /* projectTests.xctest */ = {isa = PBXFileReference; explicitFileType = wrapper.cfbundle; includeInIndex = 0; path = projectTests.xctest; sourceTree = BUILT_PRODUCTS_DIR; };
		D319C36A27C60C080088E7CB /* projectTests.swift */ = {isa = PBXFileReference; lastKnownFileType = sourcecode.swift; path = projectTests.swift; sourceTree = "<group>"; };
		D319C36C27C60C080088E7CB /* Info.plist */ = {isa = PBXFileReference; lastKnownFileType = text.plist.xml; path = Info.plist; sourceTree = "<group>"; };
		D319C37127C60C080088E7CB /* projectUITests.xctest */ = {isa = PBXFileReference; explicitFileType = wrapper.cfbundle; includeInIndex = 0; path = projectUITests.xctest; sourceTree = BUILT_PRODUCTS_DIR; };
		D319C37527C60C080088E7CB /* projectUITests.swift */ = {isa = PBXFileReference; lastKnownFileType = sourcecode.swift; path = projectUITests.swift; sourceTree = "<group>"; };
		D319C37727C60C080088E7CB /* Info.plist */ = {isa = PBXFileReference; lastKnownFileType = text.plist.xml; path = Info.plist; sourceTree = "<group>"; };
/* End PBXFileReference section */

/* Begin PBXFrameworksBuildPhase section */
		D319C34D27C60C070088E7CB /* Frameworks */ = {
			isa = PBXFrameworksBuildPhase;
			buildActionMask = 2147483647;
			files = (
			);
			runOnlyForDeploymentPostprocessing = 0;
		};
		D319C36327C60C080088E7CB /* Frameworks */ = {
			isa = PBXFrameworksBuildPhase;
			buildActionMask = 2147483647;
			files = (
			);
			runOnlyForDeploymentPostprocessing = 0;
		};
		D319C36E27C60C080088E7CB /* Frameworks */ = {
			isa = PBXFrameworksBuildPhase;
			buildActionMask = 2147483647;
			files = (
			);
			runOnlyForDeploymentPostprocessing = 0;
		};
/* End PBXFrameworksBuildPhase section */

/* Begin PBXGroup section */
		D319C34727C60C070088E7CB = {
			isa = PBXGroup;
			children = (
				D319C35227C60C070088E7CB /* project */,
				D319C36927C60C080088E7CB /* projectTests */,
				D319C37427C60C080088E7CB /* projectUITests */,
				D319C35127C60C070088E7CB /* Products */,
			);
			sourceTree = "<group>";
		};
		D319C35127C60C070088E7CB /* Products */ = {
			isa = PBXGroup;
			children = (
				D319C35027C60C070088E7CB /* project.app */,
				D319C36627C60C080088E7CB /* projectTests.xctest */,
				D319C37127C60C080088E7CB /* projectUITests.xctest */,
			);
			name = Products;
			sourceTree = "<group>";
		};
		D319C35227C60C070088E7CB /* project */ = {
			isa = PBXGroup;
			children = (
				D319C35327C60C070088E7CB /* AppDelegate.swift */,
				D319C35527C60C070088E7CB /* SceneDelegate.swift */,
				D319C35727C60C070088E7CB /* ViewController.swift */,
				D319C35927C60C070088E7CB /* Main.storyboard */,
				D319C35C27C60C080088E7CB /* Assets.xcassets */,
				D319C35E27C60C080088E7CB /* LaunchScreen.storyboard */,
				D319C36127C60C080088E7CB /* Info.plist */,
			);
			path = project;
			sourceTree = "<group>";
		};
		D319C36927C60C080088E7CB /* projectTests */ = {
			isa = PBXGroup;
			children = (
				D319C36A27C60C080088E7CB /* projectTests.swift */,
				D319C36C27C60C080088E7CB /* Info.plist */,
			);
			path = projectTests;
			sourceTree = "<group>";
		};
		D319C37427C60C080088E7CB /* projectUITests */ = {
			isa = PBXGroup;
			children = (
				D319C37527C60C080088E7CB /* projectUITests.swift */,
				D319C37727C60C080088E7CB /* Info.plist */,
			);
			path = projectUITests;
			sourceTree = "<group>";
		};
/* End PBXGroup section */

/* Begin PBXNativeTarget section */
		D319C34F27C60C070088E7CB /* project */ = {
			isa = PBXNativeTarget;
			buildConfigurationList = D319C37A27C60C080088E7CB /* Build configuration list for PBXNativeTarget "project" */;
			buildPhases = (
				D319C34C27C60C070088E7CB /* Sources */,
				D319C34D27C60C070088E7CB /* Frameworks */,
				D319C34E27C60C070088E7CB /* Resources */,
			);
			buildRules = (
			);
			dependencies = (
			);
			name = project;
			productName = project;
			productReference = D319C35027C60C070088E7CB /* project.app */;
			productType = "com.apple.product-type.application";
		};
		D319C36527C60C080088E7CB /* projectTests */ = {
			isa = PBXNativeTarget;
			buildConfigurationList = D319C37D27C60C080088E7CB /* Build configuration list for PBXNativeTarget "projectTests" */;
			buildPhases = (
				D319C36227C60C080088E7CB /* Sources */,
				D319C36327C60C080088E7CB /* Frameworks */,
				D319C36427C60C080088E7CB /* Resources */,
			);
			buildRules = (
			);
			dependencies = (
				D319C36827C60C080088E7CB /* PBXTargetDependency */,
			);
			name = projectTests;
			productName = projectTests;
			productReference = D319C36627C60C080088E7CB /* projectTests.xctest */;
			productType = "com.apple.product-type.bundle.unit-test";
		};
		D319C37027C60C080088E7CB /* projectUITests */ = {
			isa = PBXNativeTarget;
			buildConfigurationList = D319C38027C60C080088E7CB /* Build configuration list for PBXNativeTarget "projectUITests" */;
			buildPhases = (
				D319C36D27C60C080088E7CB /* Sources */,
				D319C36E27C60C080088E7CB /* Frameworks */,
				D319C36F27C60C080088E7CB /* Resources */,
			);
			buildRules = (
			);
			dependencies = (
				D319C37327C60C080088E7CB /* PBXTargetDependency */,
			);
			name = projectUITests;
			productName = projectUITests;
			productReference = D319C37127C60C080088E7CB /* projectUITests.xctest */;
			productType = "com.apple.product-type.bundle.ui-testing";
		};
/* End PBXNativeTarget section */

/* Begin PBXProject section */
		D319C34827C60C070088E7CB /* Project object */ = {
			isa = PBXProject;
			attributes = {
				LastSwiftUpdateCheck = 1240;
				LastUpgradeCheck = 1240;
				TargetAttributes = {
					D319C34F27C60C070088E7CB = {
						CreatedOnToolsVersion = 12.4;
					};
					D319C36527C60C080088E7CB = {
						CreatedOnToolsVersion = 12.4;
						TestTargetID = D319C34F27C60C070088E7CB;
					};
					D319C37027C60C080088E7CB = {
						CreatedOnToolsVersion = 12.4;
						TestTargetID = D319C34F27C60C070088E7CB;
					};
				};
			};
			buildConfigurationList = D319C34B27C60C070088E7CB /* Build configuration list for PBXProject "project" */;
			compatibilityVersion = "Xcode 9.3";
			developmentRegion = en;
			hasScannedForEncodings = 0;
			knownRegions = (
				en,
				Base,
			);
			mainGroup = D319C34727C60C070088E7CB;
			productRefGroup = D319C35127C60C070088E7CB /* Products */;
			projectDirPath = "";
			projectRoot = "";
			targets = (
				D319C34F27C60C070088E7CB /* project */,
				D319C36527C60C080088E7CB /* projectTests */,
				D319C37027C60C080088E7CB /* projectUITests */,
			);
		};
/* End PBXProject section */

/* Begin PBXResourcesBuildPhase section */
		D319C34E27C60C070088E7CB /* Resources */ = {
			isa = PBXResourcesBuildPhase;
			buildActionMask = 2147483647;
			files = (
				D319C36027C60C080088E7CB /* LaunchScreen.storyboard in Resources */,
				D319C35D27C60C080088E7CB /* Assets.xcassets in Resources */,
				D319C35B27C60C070088E7CB /* Main.storyboard in Resources */,
			);
			runOnlyForDeploymentPostprocessing = 0;
		};
		D319C36427C60C080088E7CB /* Resources */ = {
			isa = PBXResourcesBuildPhase;
			buildActionMask = 2147483647;
			files = (
			);
			runOnlyForDeploymentPostprocessing = 0;
		};
		D319C36F27C60C080088E7CB /* Resources */ = {
			isa = PBXResourcesBuildPhase;
			buildActionMask = 2147483647;
			files = (
			);
			runOnlyForDeploymentPostprocessing = 0;
		};
/* End PBXResourcesBuildPhase section */

/* Begin PBXSourcesBuildPhase section */
		D319C34C27C60C070088E7CB /* Sources */ = {
			isa = PBXSourcesBuildPhase;
			buildActionMask = 2147483647;
			files = (
				D319C35827C60C070088E7CB /* ViewController.swift in Sources */,
				D319C35427C60C070088E7CB /* AppDelegate.swift in Sources */,
				D319C35627C60C070088E7CB /* SceneDelegate.swift in Sources */,
			);
			runOnlyForDeploymentPostprocessing = 0;
		};
		D319C36227C60C080088E7CB /* Sources */ = {
			isa = PBXSourcesBuildPhase;
			buildActionMask = 2147483647;
			files = (
				D319C36B27C60C080088E7CB /* projectTests.swift in Sources */,
			);
			runOnlyForDeploymentPostprocessing = 0;
		};
		D319C36D27C60C080088E7CB /* Sources */ = {
			isa = PBXSourcesBuildPhase;
			buildActionMask = 2147483647;
			files = (
				D319C37627C60C080088E7CB /* projectUITests.swift in Sources */,
			);
			runOnlyForDeploymentPostprocessing = 0;
		};
/* End PBXSourcesBuildPhase section */

/* Begin PBXTargetDependency section */
		D319C36827C60C080088E7CB /* PBXTargetDependency */ = {
			isa = PBXTargetDependency;
			target = D319C34F27C60C070088E7CB /* project */;
			targetProxy = D319C36727C60C080088E7CB /* PBXContainerItemProxy */;
		};
		D319C37327C60C080088E7CB /* PBXTargetDependency */ = {
			isa = PBXTargetDependency;
			target = D319C34F27C60C070088E7CB /* project */;
			targetProxy = D319C37227C60C080088E7CB /* PBXContainerItemProxy */;
		};
/* End PBXTargetDependency section */

/* Begin PBXVariantGroup section */
		D319C35927C60C070088E7CB /* Main.storyboard */ = {
			isa = PBXVariantGroup;
			children = (
				D319C35A27C60C070088E7CB /* Base */,
			);
			name = Main.storyboard;
			sourceTree = "<group>";
		};
		D319C35E27C60C080088E7CB /* LaunchScreen.storyboard */ = {
			isa = PBXVariantGroup;
			children = (
				D319C35F27C60C080088E7CB /* Base */,
			);
			name = LaunchScreen.storyboard;
			sourceTree = "<group>";
		};
/* End PBXVariantGroup section */

/* Begin XCBuildConfiguration section */
		D319C37827C60C080088E7CB /* Debug */ = {
			isa = XCBuildConfiguration;
			buildSettings = {
				ALWAYS_SEARCH_USER_PATHS = NO;
				CLANG_ANALYZER_NONNULL = YES;
				CLANG_ANALYZER_NUMBER_OBJECT_CONVERSION = YES_AGGRESSIVE;
				CLANG_CXX_LANGUAGE_STANDARD = "gnu++14";
				CLANG_CXX_LIBRARY = "libc++";
				CLANG_ENABLE_MODULES = YES;
				CLANG_ENABLE_OBJC_ARC = YES;
				CLANG_ENABLE_OBJC_WEAK = YES;
				CLANG_WARN_BLOCK_CAPTURE_AUTORELEASING = YES;
				CLANG_WARN_BOOL_CONVERSION = YES;
				CLANG_WARN_COMMA = YES;
				CLANG_WARN_CONSTANT_CONVERSION = YES;
				CLANG_WARN_DEPRECATED_OBJC_IMPLEMENTATIONS = YES;
				CLANG_WARN_DIRECT_OBJC_ISA_USAGE = YES_ERROR;
				CLANG_WARN_DOCUMENTATION_COMMENTS = YES;
				CLANG_WARN_EMPTY_BODY = YES;
				CLANG_WARN_ENUM_CONVERSION = YES;
				CLANG_WARN_INFINITE_RECURSION = YES;
				CLANG_WARN_INT_CONVERSION = YES;
				CLANG_WARN_NON_LITERAL_NULL_CONVERSION = YES;
				CLANG_WARN_OBJC_IMPLICIT_RETAIN_SELF = YES;
				CLANG_WARN_OBJC_LITERAL_CONVERSION = YES;
				CLANG_WARN_OBJC_ROOT_CLASS = YES_ERROR;
				CLANG_WARN_QUOTED_INCLUDE_IN_FRAMEWORK_HEADER = YES;
				CLANG_WARN_RANGE_LOOP_ANALYSIS = YES;
				CLANG_WARN_STRICT_PROTOTYPES = YES;
				CLANG_WARN_SUSPICIOUS_MOVE = YES;
				CLANG_WARN_UNGUARDED_AVAILABILITY = YES_AGGRESSIVE;
				CLANG_WARN_UNREACHABLE_CODE = YES;
				CLANG_WARN__DUPLICATE_METHOD_MATCH = YES;
				COPY_PHASE_STRIP = NO;
				DEBUG_INFORMATION_FORMAT = dwarf;
				ENABLE_STRICT_OBJC_MSGSEND = YES;
				ENABLE_TESTABILITY = YES;
				GCC_C_LANGUAGE_STANDARD = gnu11;
				GCC_DYNAMIC_NO_PIC = NO;
				GCC_NO_COMMON_BLOCKS = YES;
				GCC_OPTIMIZATION_LEVEL = 0;
				GCC_PREPROCESSOR_DEFINITIONS = (
					"DEBUG=1",
					"$(inherited)",
				);
				GCC_WARN_64_TO_32_BIT_CONVERSION = YES;
				GCC_WARN_ABOUT_RETURN_TYPE = YES_ERROR;
				GCC_WARN_UNDECLARED_SELECTOR = YES;
				GCC_WARN_UNINITIALIZED_AUTOS = YES_AGGRESSIVE;
				GCC_WARN_UNUSED_FUNCTION = YES;
				GCC_WARN_UNUSED_VARIABLE = YES;
				IPHONEOS_DEPLOYMENT_TARGET = 14.4;
				MTL_ENABLE_DEBUG_INFO = INCLUDE_SOURCE;
				MTL_FAST_MATH = YES;
				ONLY_ACTIVE_ARCH = YES;
				SDKROOT = iphoneos;
				SWIFT_ACTIVE_COMPILATION_CONDITIONS = DEBUG;
				SWIFT_OPTIMIZATION_LEVEL = "-Onone";
			};
			name = Debug;
		};
		D319C37927C60C080088E7CB /* Release */ = {
			isa = XCBuildConfiguration;
			buildSettings = {
				ALWAYS_SEARCH_USER_PATHS = NO;
				CLANG_ANALYZER_NONNULL = YES;
				CLANG_ANALYZER_NUMBER_OBJECT_CONVERSION = YES_AGGRESSIVE;
				CLANG_CXX_LANGUAGE_STANDARD = "gnu++14";
				CLANG_CXX_LIBRARY = "libc++";
				CLANG_ENABLE_MODULES = YES;
				CLANG_ENABLE_OBJC_ARC = YES;
				CLANG_ENABLE_OBJC_WEAK = YES;
				CLANG_WARN_BLOCK_CAPTURE_AUTORELEASING = YES;
				CLANG_WARN_BOOL_CONVERSION = YES;
				CLANG_WARN_COMMA = YES;
				CLANG_WARN_CONSTANT_CONVERSION = YES;
				CLANG_WARN_DEPRECATED_OBJC_IMPLEMENTATIONS = YES;
				CLANG_WARN_DIRECT_OBJC_ISA_USAGE = YES_ERROR;
				CLANG_WARN_DOCUMENTATION_COMMENTS = YES;
				CLANG_WARN_EMPTY_BODY = YES;
				CLANG_WARN_ENUM_CONVERSION = YES;
				CLANG_WARN_INFINITE_RECURSION = YES;
				CLANG_WARN_INT_CONVERSION = YES;
				CLANG_WARN_NON_LITERAL_NULL_CONVERSION = YES;
				CLANG_WARN_OBJC_IMPLICIT_RETAIN_SELF = YES;
				CLANG_WARN_OBJC_LITERAL_CONVERSION = YES;
				CLANG_WARN_OBJC_ROOT_CLASS = YES_ERROR;
				CLANG_WARN_QUOTED_INCLUDE_IN_FRAMEWORK_HEADER = YES;
				CLANG_WARN_RANGE_LOOP_ANALYSIS = YES;
				CLANG_WARN_STRICT_PROTOTYPES = YES;
				CLANG_WARN_SUSPICIOUS_MOVE = YES;
				CLANG_WARN_UNGUARDED_AVAILABILITY = YES_AGGRESSIVE;
				CLANG_WARN_UNREACHABLE_CODE = YES;
				CLANG_WARN__DUPLICATE_METHOD_MATCH = YES;
				COPY_PHASE_STRIP = NO;
				DEBUG_INFORMATION_FORMAT = "dwarf-with-dsym";
				ENABLE_NS_ASSERTIONS = NO;
				ENABLE_STRICT_OBJC_MSGSEND = YES;
				GCC_C_LANGUAGE_STANDARD = gnu11;
				GCC_NO_COMMON_BLOCKS = YES;
				GCC_WARN_64_TO_32_BIT_CONVERSION = YES;
				GCC_WARN_ABOUT_RETURN_TYPE = YES_ERROR;
				GCC_WARN_UNDECLARED_SELECTOR = YES;
				GCC_WARN_UNINITIALIZED_AUTOS = YES_AGGRESSIVE;
				GCC_WARN_UNUSED_FUNCTION = YES;
				GCC_WARN_UNUSED_VARIABLE = YES;
				IPHONEOS_DEPLOYMENT_TARGET = 14.4;
				MTL_ENABLE_DEBUG_INFO = NO;
				MTL_FAST_MATH = YES;
				SDKROOT = iphoneos;
				SWIFT_COMPILATION_MODE = wholemodule;
				SWIFT_OPTIMIZATION_LEVEL = "-O";
				VALIDATE_PRODUCT = YES;
			};
			name = Release;
		};
		D319C37B27C60C080088E7CB /* Debug */ = {
			isa = XCBuildConfiguration;
			buildSettings = {
				ASSETCATALOG_COMPILER_APPICON_NAME = AppIcon;
				ASSETCATALOG_COMPILER_GLOBAL_ACCENT_COLOR_NAME = AccentColor;
				CODE_SIGN_STYLE = Automatic;
				DEVELOPMENT_TEAM = NR5747Y6M3;
				INFOPLIST_FILE = project/Info.plist;
				LD_RUNPATH_SEARCH_PATHS = (
					"$(inherited)",
					"@executable_path/Frameworks",
				);
				PRODUCT_BUNDLE_IDENTIFIER = com.carlosllerena.project;
				PRODUCT_NAME = "$(TARGET_NAME)";
				SWIFT_VERSION = 5.0;
				TARGETED_DEVICE_FAMILY = "1,2";
			};
			name = Debug;
		};
		D319C37C27C60C080088E7CB /* Release */ = {
			isa = XCBuildConfiguration;
			buildSettings = {
				ASSETCATALOG_COMPILER_APPICON_NAME = AppIcon;
				ASSETCATALOG_COMPILER_GLOBAL_ACCENT_COLOR_NAME = AccentColor;
				CODE_SIGN_STYLE = Automatic;
				DEVELOPMENT_TEAM = NR5747Y6M3;
				INFOPLIST_FILE = project/Info.plist;
				LD_RUNPATH_SEARCH_PATHS = (
					"$(inherited)",
					"@executable_path/Frameworks",
				);
				PRODUCT_BUNDLE_IDENTIFIER = com.carlosllerena.project;
				PRODUCT_NAME = "$(TARGET_NAME)";
				SWIFT_VERSION = 5.0;
				TARGETED_DEVICE_FAMILY = "1,2";
			};
			name = Release;
		};
		D319C37E27C60C080088E7CB /* Debug */ = {
			isa = XCBuildConfiguration;
			buildSettings = {
				ALWAYS_EMBED_SWIFT_STANDARD_LIBRARIES = YES;
				BUNDLE_LOADER = "$(TEST_HOST)";
				CODE_SIGN_STYLE = Automatic;
				DEVELOPMENT_TEAM = NR5747Y6M3;
				INFOPLIST_FILE = projectTests/Info.plist;
				IPHONEOS_DEPLOYMENT_TARGET = 14.4;
				LD_RUNPATH_SEARCH_PATHS = (
					"$(inherited)",
					"@executable_path/Frameworks",
					"@loader_path/Frameworks",
				);
				PRODUCT_BUNDLE_IDENTIFIER = com.carlosllerena.projectTests;
				PRODUCT_NAME = "$(TARGET_NAME)";
				SWIFT_VERSION = 5.0;
				TARGETED_DEVICE_FAMILY = "1,2";
				TEST_HOST = "$(BUILT_PRODUCTS_DIR)/project.app/project";
			};
			name = Debug;
		};
		D319C37F27C60C080088E7CB /* Release */ = {
			isa = XCBuildConfiguration;
			buildSettings = {
				ALWAYS_EMBED_SWIFT_STANDARD_LIBRARIES = YES;
				BUNDLE_LOADER = "$(TEST_HOST)";
				CODE_SIGN_STYLE = Automatic;
				DEVELOPMENT_TEAM = NR5747Y6M3;
				INFOPLIST_FILE = projectTests/Info.plist;
				IPHONEOS_DEPLOYMENT_TARGET = 14.4;
				LD_RUNPATH_SEARCH_PATHS = (
					"$(inherited)",
					"@executable_path/Frameworks",
					"@loader_path/Frameworks",
				);
				PRODUCT_BUNDLE_IDENTIFIER = com.carlosllerena.projectTests;
				PRODUCT_NAME = "$(TARGET_NAME)";
				SWIFT_VERSION = 5.0;
				TARGETED_DEVICE_FAMILY = "1,2";
				TEST_HOST = "$(BUILT_PRODUCTS_DIR)/project.app/project";
			};
			name = Release;
		};
		D319C38127C60C080088E7CB /* Debug */ = {
			isa = XCBuildConfiguration;
			buildSettings = {
				ALWAYS_EMBED_SWIFT_STANDARD_LIBRARIES = YES;
				CODE_SIGN_STYLE = Automatic;
				DEVELOPMENT_TEAM = NR5747Y6M3;
				INFOPLIST_FILE = projectUITests/Info.plist;
				LD_RUNPATH_SEARCH_PATHS = (
					"$(inherited)",
					"@executable_path/Frameworks",
					"@loader_path/Frameworks",
				);
				PRODUCT_BUNDLE_IDENTIFIER = com.carlosllerena.projectUITests;
				PRODUCT_NAME = "$(TARGET_NAME)";
				SWIFT_VERSION = 5.0;
				TARGETED_DEVICE_FAMILY = "1,2";
				TEST_TARGET_NAME = project;
			};
			name = Debug;
		};
		D319C38227C60C080088E7CB /* Release */ = {
			isa = XCBuildConfiguration;
			buildSettings = {
				ALWAYS_EMBED_SWIFT_STANDARD_LIBRARIES = YES;
				CODE_SIGN_STYLE = Automatic;
				DEVELOPMENT_TEAM = NR5747Y6M3;
				INFOPLIST_FILE = projectUITests/Info.plist;
				LD_RUNPATH_SEARCH_PATHS = (
					"$(inherited)",
					"@executable_path/Frameworks",
					"@loader_path/Frameworks",
				);
				PRODUCT_BUNDLE_IDENTIFIER = com.carlosllerena.projectUITests;
				PRODUCT_NAME = "$(TARGET_NAME)";
				SWIFT_VERSION = 5.0;
				TARGETED_DEVICE_FAMILY = "1,2";
				TEST_TARGET_NAME = project;
			};
			name = Release;
		};
/* End XCBuildConfiguration section */

/* Begin XCConfigurationList section */
		D319C34B27C60C070088E7CB /* Build configuration list for PBXProject "project" */ = {
			isa = XCConfigurationList;
			buildConfigurations = (
				D319C37827C60C080088E7CB /* Debug */,
				D319C37927C60C080088E7CB /* Release */,
			);
			defaultConfigurationIsVisible = 0;
			defaultConfigurationName = Release;
		};
		D319C37A27C60C080088E7CB /* Build configuration list for PBXNativeTarget "project" */ = {
			isa = XCConfigurationList;
			buildConfigurations = (
				D319C37B27C60C080088E7CB /* Debug */,
				D319C37C27C60C080088E7CB /* Release */,
			);
			defaultConfigurationIsVisible = 0;
			defaultConfigurationName = Release;
		};
		D319C37D27C60C080088E7CB /* Build configuration list for PBXNativeTarget "projectTests" */ = {
			isa = XCConfigurationList;
			buildConfigurations = (
				D319C37E27C60C080088E7CB /* Debug */,
				D319C37F27C60C080088E7CB /* Release */,
			);
			defaultConfigurationIsVisible = 0;
			defaultConfigurationName = Release;
		};
		D319C38027C60C080088E7CB /* Build configuration list for PBXNativeTarget "projectUITests" */ = {
			isa = XCConfigurationList;
			buildConfigurations = (
				D319C38127C60C080088E7CB /* Debug */,
				D319C38227C60C080088E7CB /* Release */,
			);
			defaultConfigurationIsVisible = 0;
			defaultConfigurationName = Release;
		};
/* End XCConfigurationList section */
	};
	rootObject = D319C34827C60C070088E7CB /* Project object */;
}
